# THIS IS AN AUTOGENERATED FILE. DO NOT EDIT THIS FILE DIRECTLY.
# yarn lockfile v1


"@types/twig@^1.12.2":
  version "1.12.2"
  resolved "https://registry.yarnpkg.com/@types/twig/-/twig-1.12.2.tgz#1af747e87c8247a157c15560560575243c6447a5"
  integrity sha512-5DRVxnx/WrQRpwUTosVu/MrbASuZ+ABiUdPKc8G7xs98GGsB0Ep/jOxwuYBbFssoOBV1JmQRoKAxhauhVKdV/w==

balanced-match@^1.0.0:
  version "1.0.0"
  resolved "https://registry.yarnpkg.com/balanced-match/-/balanced-match-1.0.0.tgz#89b4d199ab2bee49de164ea02b89ce462d71b767"
  integrity sha1-ibTRmasr7kneFk6gK4nORi1xt2c=

brace-expansion@^1.1.7:
  version "1.1.11"
  resolved "https://registry.yarnpkg.com/brace-expansion/-/brace-expansion-1.1.11.tgz#3c7fcbf529d87226f3d2f52b966ff5271eb441dd"
  integrity sha512-iCuPHDFgrHX7H2vEI/5xpz07zSHB00TpugqhmYtVmMO6518mCuRMoOYFldEBl0g187ufozdaHgWKcYFb61qGiA==
  dependencies:
    balanced-match "^1.0.0"
    concat-map "0.0.1"

concat-map@0.0.1:
  version "0.0.1"
  resolved "https://registry.yarnpkg.com/concat-map/-/concat-map-0.0.1.tgz#d8a96bd77fd68df7793a73036a3ba0d5405d477b"
  integrity sha1-2Klr13/Wjfd5OnMDajug1UBdR3s=

es6-promise@^4.2.5:
  version "4.2.8"
  resolved "https://registry.yarnpkg.com/es6-promise/-/es6-promise-4.2.8.tgz#4eb21594c972bc40553d276e510539143db53e0a"
  integrity sha512-HJDGx5daxeIvxdBxvG2cb9g4tEvwIk3i8+nhX0yGrYmZUzbkdg8QbDevheDB8gd0//uPj4c1EQua8Q+MViT0/w==

foreachasync@^3.0.0:
  version "3.0.0"
  resolved "https://registry.yarnpkg.com/foreachasync/-/foreachasync-3.0.0.tgz#5502987dc8714be3392097f32e0071c9dee07cf6"
  integrity sha1-VQKYfchxS+M5IJfzLgBxyd7gfPY=

locutus@^2.0.5:
  version "2.0.11"
  resolved "https://registry.yarnpkg.com/locutus/-/locutus-2.0.11.tgz#83f85109971fd3dd620482a04381916e4a31d4f0"
  integrity sha512-C0q1L38lK5q1t+wE0KY21/9szrBHxye6o2z5EJzU+5B79tubNOC+nLAEzTTn1vPUGoUuehKh8kYKqiVUTWRyaQ==
  dependencies:
    es6-promise "^4.2.5"

minimatch@3.0.x:
  version "3.0.4"
  resolved "https://registry.yarnpkg.com/minimatch/-/minimatch-3.0.4.tgz#5166e286457f03306064be5497e8dbb0c3d32083"
  integrity sha512-yJHVQEhyqPLUTgt9B83PXu6W3rx4MvvHvSUvToogpwoGDOUQ+yDrR0HRot+yOCdCO7u4hX3pWft6kWBBcqh0UA==
  dependencies:
    brace-expansion "^1.1.7"

twig@^1.13.3:
  version "1.13.3"
  resolved "https://registry.yarnpkg.com/twig/-/twig-1.13.3.tgz#895fe341beb6a3f53051318b90a40e0ab0e28fe9"
  integrity sha512-Kjart2102Kf0IdsEmLonSJKcByU7o9uiJhBde3GhrNHrX4XenT5WSKu4Hpkx+rF6Kyppeyd48BKsCREIOPXd/g==
  dependencies:
    locutus "^2.0.5"
    minimatch "3.0.x"
    walk "2.3.x"

walk@2.3.x:
  version "2.3.14"
  resolved "https://registry.yarnpkg.com/walk/-/walk-2.3.14.tgz#60ec8631cfd23276ae1e7363ce11d626452e1ef3"
  integrity sha512-5skcWAUmySj6hkBdH6B6+3ddMjVQYH5Qy9QGbPmN8kVmLteXk+yVXg+yfk1nbX30EYakahLrr8iPcCxJQSCBeg==
  dependencies:
    foreachasync "^3.0.0"
